
Microsoft Visual Studio Solution File, Format Version 12.00
# Visual Studio 15
Project("{FAE04EC0-301F-11D3-BF4B-00C04F79EFBC}") = "Assembly-CSharp", "Assembly-CSharp.csproj", "{FA4CEE6A-4EB5-9FF7-2D5B-5512C645BA88}"
EndProject
Project("{FAE04EC0-301F-11D3-BF4B-00C04F79EFBC}") = "Assembly-CSharp-Editor", "Assembly-CSharp-Editor.csproj", "{B264ED7A-0F94-20EF-FC4D-6521D976759D}"
EndProject
Global
	GlobalSection(SolutionConfigurationPlatforms) = preSolution
		Debug|Any CPU = Debug|Any CPU
		Release|Any CPU = Release|Any CPU
	EndGlobalSection
	GlobalSection(ProjectConfigurationPlatforms) = postSolution
		{FA4CEE6A-4EB5-9FF7-2D5B-5512C645BA88}.Debug|Any CPU.ActiveCfg = Debug|Any CPU
		{FA4CEE6A-4EB5-9FF7-2D5B-5512C645BA88}.Debug|Any CPU.Build.0 = Debug|Any CPU
		{FA4CEE6A-4EB5-9FF7-2D5B-5512C645BA88}.Release|Any CPU.ActiveCfg = Release|Any CPU
		{FA4CEE6A-4EB5-9FF7-2D5B-5512C645BA88}.Release|Any CPU.Build.0 = Release|Any CPU
		{B264ED7A-0F94-20EF-FC4D-6521D976759D}.Debug|Any CPU.ActiveCfg = Debug|Any CPU
		{B264ED7A-0F94-20EF-FC4D-6521D976759D}.Debug|Any CPU.Build.0 = Debug|Any CPU
		{B264ED7A-0F94-20EF-FC4D-6521D976759D}.Release|Any CPU.ActiveCfg = Release|Any CPU
		{B264ED7A-0F94-20EF-FC4D-6521D976759D}.Release|Any CPU.Build.0 = Release|Any CPU
	EndGlobalSection
	GlobalSection(SolutionProperties) = preSolution
		HideSolutionNode = FALSE
	EndGlobalSection
EndGlobal
